
Microsoft Visual Studio Solution File, Format Version 12.00
# Visual Studio 15
Project("{FAE04EC0-301F-11D3-BF4B-00C04F79EFBC}") = "dyanamicprog", "dyanamicprog\dyanamicprog.csproj", "{B3382DC9-73E5-41DB-8970-BA9C3919B6A9}"
EndProject
Global
	GlobalSection(SolutionConfigurationPlatforms) = preSolution
		Debug|anycpu = Debug|anycpu
		Release|anycpu = Release|anycpu
	EndGlobalSection
	GlobalSection(ProjectConfigurationPlatforms) = postSolution
		{B3382DC9-73E5-41DB-8970-BA9C3919B6A9}.Debug|anycpu.ActiveCfg = Debug|anycpu
		{B3382DC9-73E5-41DB-8970-BA9C3919B6A9}.Debug|anycpu.Build.0 = Debug|anycpu
		{B3382DC9-73E5-41DB-8970-BA9C3919B6A9}.Release|anycpu.ActiveCfg = Release|anycpu
		{B3382DC9-73E5-41DB-8970-BA9C3919B6A9}.Release|anycpu.Build.0 = Release|anycpu
	EndGlobalSection
EndGlobal
